version = 1
revision = 3
requires-python = ">=3.14"

[[package]]
name = "container-network"
version = "0.1.0"
source = { virtual = "." }
dependencies = [
    { name = "pyroute2" },
]

[package.dev-dependencies]
dev = [
    { name = "pyright" },
]

[package.metadata]
requires-dist = [{ name = "pyroute2", specifier = ">=0.9.6" }]

[package.metadata.requires-dev]
dev = [{ name = "pyright", specifier = ">=1.1.410" }]

[[package]]
name = "nodeenv"
version = "1.10.0"
source = { registry = "https://pypi.org/simple" }
sdist = { url = "https://files.pythonhosted.org/packages/24/bf/d1bda4f6168e0b2e9e5958945e01910052158313224ada5ce1fb2e1113b8/nodeenv-1.10.0.tar.gz", hash = "sha256:996c191ad80897d076bdfba80a41994c2b47c68e224c542b48feba42ba00f8bb", size = 55611, upload-time = "2025-12-20T14:08:54.006Z" }
wheels = [
    { url = "https://files.pythonhosted.org/packages/88/b2/d0896bdcdc8d28a7fc5717c305f1a861c26e18c05047949fb371034d98bd/nodeenv-1.10.0-py2.py3-none-any.whl", hash = "sha256:5bb13e3eed2923615535339b3c620e76779af4cb4c6a90deccc9e36b274d3827", size = 23438, upload-time = "2025-12-20T14:08:52.782Z" },
]

[[package]]
name = "pyright"
version = "1.1.410"
source = { registry = "https://pypi.org/simple" }
dependencies = [
    { name = "nodeenv" },
    { name = "typing-extensions" },
]
sdist = { url = "https://files.pythonhosted.org/packages/10/53/e4d8ea1391bd4355231be6f91bf239479aa0014260ed3fb5526eeb12a1f2/pyright-1.1.410.tar.gz", hash = "sha256:07a073b8ba6749826773c1269773efa11b93440d9a6aa60419d9a3172d6dc488", size = 4062013, upload-time = "2026-06-01T17:35:48.894Z" }
wheels = [
    { url = "https://files.pythonhosted.org/packages/d7/33/288b5868fa00846dacf249633719d747893e54aebd196b9968ac1878a5d3/pyright-1.1.410-py3-none-any.whl", hash = "sha256:5e961bed37cacf96b3f7cd7b1da39b350a9239aa2e69138d0e88f728cfaf296c", size = 6082448, upload-time = "2026-06-01T17:35:46.387Z" },
]

[[package]]
name = "pyroute2"
version = "0.9.6"
source = { registry = "https://pypi.org/simple" }
dependencies = [
    { name = "win-inet-pton", marker = "sys_platform == 'win32'" },
]
sdist = { url = "https://files.pythonhosted.org/packages/9b/3c/cae3aa8a07522d4fd625958f690ab6eb4ffbd9c94e30e2995f585fded630/pyroute2-0.9.6.tar.gz", hash = "sha256:6bc5e2ea9a372ded682b4ede4028ba00236bd6e35b42d833f39a96b219ef1db2", size = 478486, upload-time = "2026-04-15T18:26:07.408Z" }
wheels = [
    { url = "https://files.pythonhosted.org/packages/14/f5/77292e847cb2bcd94f0e7be214ad09972de5db6a6914e47117293ed0f4a8/pyroute2-0.9.6-py3-none-any.whl", hash = "sha256:3334091326e560a506635449af03b26920d22d4e5a7996aed354363d106fcef8", size = 483440, upload-time = "2026-04-15T18:26:03.14Z" },
]

[[package]]
name = "typing-extensions"
version = "4.15.0"
source = { registry = "https://pypi.org/simple" }
sdist = { url = "https://files.pythonhosted.org/packages/72/94/1a15dd82efb362ac84269196e94cf00f187f7ed21c242792a923cdb1c61f/typing_extensions-4.15.0.tar.gz", hash = "sha256:0cea48d173cc12fa28ecabc3b837ea3cf6f38c6d1136f85cbaaf598984861466", size = 109391, upload-time = "2025-08-25T13:49:26.313Z" }
wheels = [
    { url = "https://files.pythonhosted.org/packages/18/67/36e9267722cc04a6b9f15c7f3441c2363321a3ea07da7ae0c0707beb2a9c/typing_extensions-4.15.0-py3-none-any.whl", hash = "sha256:f0fa19c6845758ab08074a0cfa8b7aecb71c999ca73d62883bc25cc018c4e548", size = 44614, upload-time = "2025-08-25T13:49:24.86Z" },
]

[[package]]
name = "win-inet-pton"
version = "1.1.0"
source = { registry = "https://pypi.org/simple" }
sdist = { url = "https://files.pythonhosted.org/packages/d9/da/0b1487b5835497dea00b00d87c2aca168bb9ca2e2096981690239e23760a/win_inet_pton-1.1.0.tar.gz", hash = "sha256:dd03d942c0d3e2b1cf8bab511844546dfa5f74cb61b241699fa379ad707dea4f", size = 2949, upload-time = "2019-02-19T17:46:23.925Z" }
wheels = [
    { url = "https://files.pythonhosted.org/packages/be/31/ff772a44aa56319df8afbb0b34f1a856f66f05b9d5f1fed917849e47fdae/win_inet_pton-1.1.0-py2.py3-none-any.whl", hash = "sha256:eaf0193cbe7152ac313598a0da7313fb479f769343c0c16c5308f64887dc885b", size = 4848, upload-time = "2019-02-19T17:46:22.182Z" },
]
